
Microsoft Visual Studio Solution File, Format Version 12.00
# Visual Studio 14
VisualStudioVersion = 14.0.25420.1
MinimumVisualStudioVersion = 10.0.40219.1
Project("{FAE04EC0-301F-11D3-BF4B-00C04F79EFBC}") = "Ex02_Othelo", "Ex02_Othelo\Ex02_Othelo.csproj", "{E3172075-BC4D-4A9D-AC2A-1E45884C1412}"
EndProject
Project("{FAE04EC0-301F-11D3-BF4B-00C04F79EFBC}") = "Ex05.OtheloUI", "Ex05.OtheloUI\Ex05.OtheloUI.csproj", "{D75B1C2A-F0D8-456F-BD91-34CBBD7F2DFC}"
EndProject
Global
	GlobalSection(SolutionConfigurationPlatforms) = preSolution
		Debug|Any CPU = Debug|Any CPU
		Release|Any CPU = Release|Any CPU
	EndGlobalSection
	GlobalSection(ProjectConfigurationPlatforms) = postSolution
		{E3172075-BC4D-4A9D-AC2A-1E45884C1412}.Debug|Any CPU.ActiveCfg = Debug|Any CPU
		{E3172075-BC4D-4A9D-AC2A-1E45884C1412}.Debug|Any CPU.Build.0 = Debug|Any CPU
		{E3172075-BC4D-4A9D-AC2A-1E45884C1412}.Release|Any CPU.ActiveCfg = Release|Any CPU
		{E3172075-BC4D-4A9D-AC2A-1E45884C1412}.Release|Any CPU.Build.0 = Release|Any CPU
		{D75B1C2A-F0D8-456F-BD91-34CBBD7F2DFC}.Debug|Any CPU.ActiveCfg = Debug|Any CPU
		{D75B1C2A-F0D8-456F-BD91-34CBBD7F2DFC}.Debug|Any CPU.Build.0 = Debug|Any CPU
		{D75B1C2A-F0D8-456F-BD91-34CBBD7F2DFC}.Release|Any CPU.ActiveCfg = Release|Any CPU
		{D75B1C2A-F0D8-456F-BD91-34CBBD7F2DFC}.Release|Any CPU.Build.0 = Release|Any CPU
	EndGlobalSection
	GlobalSection(SolutionProperties) = preSolution
		HideSolutionNode = FALSE
	EndGlobalSection
EndGlobal
